{
  "name": "gelm-of-life",
  "version": "1.0.0",
  "lockfileVersion": 3,
  "requires": true,
  "packages": {
    "": {
      "name": "gelm-of-life",
      "version": "1.0.0",
      "license": "ISC",
      "dependencies": {
        "purecss": "^1.0.0"
      }
    },
    "node_modules/purecss": {
      "version": "1.0.1",
      "resolved": "https://registry.npmjs.org/purecss/-/purecss-1.0.1.tgz",
      "integrity": "sha512-mTUc5ZzpzafswEhCmTDfSRMMyRFdLYdd+KywMwnBC/MuA/Th7jug2z0Xso4WkxvtxoU/BS9aRb7WnBNyuA7YJQ=="
    }
  }
}
